
Microsoft Visual Studio Solution File, Format Version 12.00
# Visual Studio Version 17
VisualStudioVersion = 17.0.31903.59
MinimumVisualStudioVersion = 10.0.40219.1
Project("{FAE04EC0-301F-11D3-BF4B-00C04F79EFBC}") = "MCD_KalıtımNedir", "MCD_KalıtımNedir\MCD_KalıtımNedir.csproj", "{27B43B65-064D-4316-A385-4F2E06820E8C}"
EndProject
Global
	GlobalSection(SolutionConfigurationPlatforms) = preSolution
		Debug|Any CPU = Debug|Any CPU
		Release|Any CPU = Release|Any CPU
	EndGlobalSection
	GlobalSection(ProjectConfigurationPlatforms) = postSolution
		{27B43B65-064D-4316-A385-4F2E06820E8C}.Debug|Any CPU.ActiveCfg = Debug|Any CPU
		{27B43B65-064D-4316-A385-4F2E06820E8C}.Debug|Any CPU.Build.0 = Debug|Any CPU
		{27B43B65-064D-4316-A385-4F2E06820E8C}.Release|Any CPU.ActiveCfg = Release|Any CPU
		{27B43B65-064D-4316-A385-4F2E06820E8C}.Release|Any CPU.Build.0 = Release|Any CPU
	EndGlobalSection
	GlobalSection(SolutionProperties) = preSolution
		HideSolutionNode = FALSE
	EndGlobalSection
	GlobalSection(ExtensibilityGlobals) = postSolution
		SolutionGuid = {77C845B1-528F-4F48-B8B2-4FC0C3E26A11}
	EndGlobalSection
EndGlobal
