
Microsoft Visual Studio Solution File, Format Version 12.00
# Visual Studio Version 17
VisualStudioVersion = 17.0.31903.59
MinimumVisualStudioVersion = 10.0.40219.1
Project("{FAE04EC0-301F-11D3-BF4B-00C04F79EFBC}") = "MCD-KalitimUygulama", "MCD-KalitimUygulama\MCD-KalitimUygulama.csproj", "{5D2F1978-5071-4898-AEE3-014C38FD6E49}"
EndProject
Global
	GlobalSection(SolutionConfigurationPlatforms) = preSolution
		Debug|Any CPU = Debug|Any CPU
		Release|Any CPU = Release|Any CPU
	EndGlobalSection
	GlobalSection(ProjectConfigurationPlatforms) = postSolution
		{5D2F1978-5071-4898-AEE3-014C38FD6E49}.Debug|Any CPU.ActiveCfg = Debug|Any CPU
		{5D2F1978-5071-4898-AEE3-014C38FD6E49}.Debug|Any CPU.Build.0 = Debug|Any CPU
		{5D2F1978-5071-4898-AEE3-014C38FD6E49}.Release|Any CPU.ActiveCfg = Release|Any CPU
		{5D2F1978-5071-4898-AEE3-014C38FD6E49}.Release|Any CPU.Build.0 = Release|Any CPU
	EndGlobalSection
	GlobalSection(SolutionProperties) = preSolution
		HideSolutionNode = FALSE
	EndGlobalSection
	GlobalSection(ExtensibilityGlobals) = postSolution
		SolutionGuid = {F3C61EE5-A997-40F2-ACEA-9F499DE0B88C}
	EndGlobalSection
EndGlobal
