
Microsoft Visual Studio Solution File, Format Version 12.00
# Visual Studio Version 17
VisualStudioVersion = 17.0.31903.59
MinimumVisualStudioVersion = 10.0.40219.1
Project("{FAE04EC0-301F-11D3-BF4B-00C04F79EFBC}") = "MCD_AbstractUygulama2", "MCD_AbstractUygulama2\MCD_AbstractUygulama2.csproj", "{EF3AE084-3FD9-4B4D-B232-E2B2B14A2169}"
EndProject
Global
	GlobalSection(SolutionConfigurationPlatforms) = preSolution
		Debug|Any CPU = Debug|Any CPU
		Release|Any CPU = Release|Any CPU
	EndGlobalSection
	GlobalSection(ProjectConfigurationPlatforms) = postSolution
		{EF3AE084-3FD9-4B4D-B232-E2B2B14A2169}.Debug|Any CPU.ActiveCfg = Debug|Any CPU
		{EF3AE084-3FD9-4B4D-B232-E2B2B14A2169}.Debug|Any CPU.Build.0 = Debug|Any CPU
		{EF3AE084-3FD9-4B4D-B232-E2B2B14A2169}.Release|Any CPU.ActiveCfg = Release|Any CPU
		{EF3AE084-3FD9-4B4D-B232-E2B2B14A2169}.Release|Any CPU.Build.0 = Release|Any CPU
	EndGlobalSection
	GlobalSection(SolutionProperties) = preSolution
		HideSolutionNode = FALSE
	EndGlobalSection
	GlobalSection(ExtensibilityGlobals) = postSolution
		SolutionGuid = {C0878E8B-7578-43DF-A11B-82D3F766A95C}
	EndGlobalSection
EndGlobal
