
Microsoft Visual Studio Solution File, Format Version 12.00
# Visual Studio Version 17
VisualStudioVersion = 17.0.31903.59
MinimumVisualStudioVersion = 10.0.40219.1
Project("{FAE04EC0-301F-11D3-BF4B-00C04F79EFBC}") = "StaticOrnek", "StaticOrnek\StaticOrnek.csproj", "{0558983A-29F5-4CCF-B8AD-86F10E233EE8}"
EndProject
Global
	GlobalSection(SolutionConfigurationPlatforms) = preSolution
		Debug|Any CPU = Debug|Any CPU
		Release|Any CPU = Release|Any CPU
	EndGlobalSection
	GlobalSection(ProjectConfigurationPlatforms) = postSolution
		{0558983A-29F5-4CCF-B8AD-86F10E233EE8}.Debug|Any CPU.ActiveCfg = Debug|Any CPU
		{0558983A-29F5-4CCF-B8AD-86F10E233EE8}.Debug|Any CPU.Build.0 = Debug|Any CPU
		{0558983A-29F5-4CCF-B8AD-86F10E233EE8}.Release|Any CPU.ActiveCfg = Release|Any CPU
		{0558983A-29F5-4CCF-B8AD-86F10E233EE8}.Release|Any CPU.Build.0 = Release|Any CPU
	EndGlobalSection
	GlobalSection(SolutionProperties) = preSolution
		HideSolutionNode = FALSE
	EndGlobalSection
	GlobalSection(ExtensibilityGlobals) = postSolution
		SolutionGuid = {E1C38CC8-DE1F-4F2E-8EC7-0C23366C803A}
	EndGlobalSection
EndGlobal
