
Microsoft Visual Studio Solution File, Format Version 12.00
# Visual Studio Version 16
VisualStudioVersion = 16.0.31729.503
MinimumVisualStudioVersion = 10.0.40219.1
Project("{FAE04EC0-301F-11D3-BF4B-00C04F79EFBC}") = "RealEstateWebProject", "RealEstateWebProject\RealEstateWebProject.csproj", "{D9EE4191-A3A2-4813-B55D-BB962FE0220C}"
EndProject
Global
	GlobalSection(SolutionConfigurationPlatforms) = preSolution
		Debug|Any CPU = Debug|Any CPU
		Release|Any CPU = Release|Any CPU
	EndGlobalSection
	GlobalSection(ProjectConfigurationPlatforms) = postSolution
		{D9EE4191-A3A2-4813-B55D-BB962FE0220C}.Debug|Any CPU.ActiveCfg = Debug|Any CPU
		{D9EE4191-A3A2-4813-B55D-BB962FE0220C}.Debug|Any CPU.Build.0 = Debug|Any CPU
		{D9EE4191-A3A2-4813-B55D-BB962FE0220C}.Release|Any CPU.ActiveCfg = Release|Any CPU
		{D9EE4191-A3A2-4813-B55D-BB962FE0220C}.Release|Any CPU.Build.0 = Release|Any CPU
	EndGlobalSection
	GlobalSection(SolutionProperties) = preSolution
		HideSolutionNode = FALSE
	EndGlobalSection
	GlobalSection(ExtensibilityGlobals) = postSolution
		SolutionGuid = {9C8B10F7-8B52-4AD2-A5F8-A3590927344B}
	EndGlobalSection
EndGlobal
